PODS:
  - Alamofire (5.5.0)
  - Cosmos (23.0.0)
  - Kingfisher (7.1.2)
  - ReachabilitySwift (5.0.0)
  - SDWebImage (5.12.2):
    - SDWebImage/Core (= 5.12.2)
  - SDWebImage/Core (5.12.2)

DEPENDENCIES:
  - Alamofire (~> 5.5)
  - Cosmos
  - Kingfisher (~> 7.0)
  - ReachabilitySwift
  - SDWebImage

SPEC REPOS:
  trunk:
    - Alamofire
    - Cosmos
    - Kingfisher
    - ReachabilitySwift
    - SDWebImage

SPEC CHECKSUMS:
  Alamofire: 1c4fb5369c3fe93d2857c780d8bbe09f06f97e7c
  Cosmos: b5c6a9a637e28a061b54c8f8b1d8529d7d4db73f
  Kingfisher: 44ed6a8504763f27bab46163adfac83f5deb240c
  ReachabilitySwift: 985039c6f7b23a1da463388634119492ff86c825
  SDWebImage: 240e5c12b592fb1268c1d03b8c90d90e8c2ffe82

PODFILE CHECKSUM: 63e3b00e5d08b0a4d9797a5851b63a06d8bd88c8

COCOAPODS: 1.11.2
